// !$*UTF8*$!
{
	archiveVersion = 1;
	classes = {
	};
	objectVersion = 46;
	objects = {

/* Begin PBXBuildFile section */
		EA61E1281A9EA8E500CD1797 /* AppDelegate.swift in Sources */ = {isa = PBXBuildFile; fileRef = EA61E1271A9EA8E500CD1797 /* AppDelegate.swift */; };
		EA61E12A1A9EA8E500CD1797 /* ViewController.swift in Sources */ = {isa = PBXBuildFile; fileRef = EA61E1291A9EA8E500CD1797 /* ViewController.swift */; };
		EA61E12D1A9EA8E500CD1797 /* Main.storyboard in Resources */ = {isa = PBXBuildFile; fileRef = EA61E12B1A9EA8E500CD1797 /* Main.storyboard */; };
		EA61E12F1A9EA8E500CD1797 /* Images.xcassets in Resources */ = {isa = PBXBuildFile; fileRef = EA61E12E1A9EA8E500CD1797 /* Images.xcassets */; };
		EA61E1321A9EA8E500CD1797 /* LaunchScreen.xib in Resources */ = {isa = PBXBuildFile; fileRef = EA61E1301A9EA8E500CD1797 /* LaunchScreen.xib */; };
		EA61E13E1A9EA8E500CD1797 /* ClassAppTests.swift in Sources */ = {isa = PBXBuildFile; fileRef = EA61E13D1A9EA8E500CD1797 /* ClassAppTests.swift */; };
		EA61E1481A9EAE6F00CD1797 /* SecondTableViewController.swift in Sources */ = {isa = PBXBuildFile; fileRef = EA61E1471A9EAE6F00CD1797 /* SecondTableViewController.swift */; };
		EA61E14A1A9EB97100CD1797 /* PhotoCell.xib in Resources */ = {isa = PBXBuildFile; fileRef = EA61E1491A9EB97100CD1797 /* PhotoCell.xib */; };
		EA61E14E1A9EBB4C00CD1797 /* PhotoCell.swift in Sources */ = {isa = PBXBuildFile; fileRef = EA61E14D1A9EBB4C00CD1797 /* PhotoCell.swift */; };
/* End PBXBuildFile section */

/* Begin PBXContainerItemProxy section */
		EA61E1381A9EA8E500CD1797 /* PBXContainerItemProxy */ = {
			isa = PBXContainerItemProxy;
			containerPortal = EA61E11A1A9EA8E500CD1797 /* Project object */;
			proxyType = 1;
			remoteGlobalIDString = EA61E1211A9EA8E500CD1797;
			remoteInfo = ClassApp;
		};
/* End PBXContainerItemProxy section */

/* Begin PBXFileReference section */
		EA61E1221A9EA8E500CD1797 /* ClassApp.app */ = {isa = PBXFileReference; explicitFileType = wrapper.application; includeInIndex = 0; path = ClassApp.app; sourceTree = BUILT_PRODUCTS_DIR; };
		EA61E1261A9EA8E500CD1797 /* Info.plist */ = {isa = PBXFileReference; lastKnownFileType = text.plist.xml; path = Info.plist; sourceTree = "<group>"; };
		EA61E1271A9EA8E500CD1797 /* AppDelegate.swift */ = {isa = PBXFileReference; lastKnownFileType = sourcecode.swift; path = AppDelegate.swift; sourceTree = "<group>"; };
		EA61E1291A9EA8E500CD1797 /* ViewController.swift */ = {isa = PBXFileReference; lastKnownFileType = sourcecode.swift; path = ViewController.swift; sourceTree = "<group>"; };
		EA61E12C1A9EA8E500CD1797 /* Base */ = {isa = PBXFileReference; lastKnownFileType = file.storyboard; name = Base; path = Base.lproj/Main.storyboard; sourceTree = "<group>"; };
		EA61E12E1A9EA8E500CD1797 /* Images.xcassets */ = {isa = PBXFileReference; lastKnownFileType = folder.assetcatalog; path = Images.xcassets; sourceTree = "<group>"; };
		EA61E1311A9EA8E500CD1797 /* Base */ = {isa = PBXFileReference; lastKnownFileType = file.xib; name = Base; path = Base.lproj/LaunchScreen.xib; sourceTree = "<group>"; };
		EA61E1371A9EA8E500CD1797 /* ClassAppTests.xctest */ = {isa = PBXFileReference; explicitFileType = wrapper.cfbundle; includeInIndex = 0; path = ClassAppTests.xctest; sourceTree = BUILT_PRODUCTS_DIR; };
		EA61E13C1A9EA8E500CD1797 /* Info.plist */ = {isa = PBXFileReference; lastKnownFileType = text.plist.xml; path = Info.plist; sourceTree = "<group>"; };
		EA61E13D1A9EA8E500CD1797 /* ClassAppTests.swift */ = {isa = PBXFileReference; lastKnownFileType = sourcecode.swift; path = ClassAppTests.swift; sourceTree = "<group>"; };
		EA61E1471A9EAE6F00CD1797 /* SecondTableViewController.swift */ = {isa = PBXFileReference; fileEncoding = 4; lastKnownFileType = sourcecode.swift; path = SecondTableViewController.swift; sourceTree = "<group>"; };
		EA61E1491A9EB97100CD1797 /* PhotoCell.xib */ = {isa = PBXFileReference; fileEncoding = 4; lastKnownFileType = file.xib; path = PhotoCell.xib; sourceTree = "<group>"; };
		EA61E14D1A9EBB4C00CD1797 /* PhotoCell.swift */ = {isa = PBXFileReference; fileEncoding = 4; lastKnownFileType = sourcecode.swift; path = PhotoCell.swift; sourceTree = "<group>"; };
/* End PBXFileReference section */

/* Begin PBXFrameworksBuildPhase section */
		EA61E11F1A9EA8E500CD1797 /* Frameworks */ = {
			isa = PBXFrameworksBuildPhase;
			buildActionMask = 2147483647;
			files = (
			);
			runOnlyForDeploymentPostprocessing = 0;
		};
		EA61E1341A9EA8E500CD1797 /* Frameworks */ = {
			isa = PBXFrameworksBuildPhase;
			buildActionMask = 2147483647;
			files = (
			);
			runOnlyForDeploymentPostprocessing = 0;
		};
/* End PBXFrameworksBuildPhase section */

/* Begin PBXGroup section */
		EA61E1191A9EA8E500CD1797 = {
			isa = PBXGroup;
			children = (
				EA61E1241A9EA8E500CD1797 /* ClassApp */,
				EA61E13A1A9EA8E500CD1797 /* ClassAppTests */,
				EA61E1231A9EA8E500CD1797 /* Products */,
			);
			sourceTree = "<group>";
		};
		EA61E1231A9EA8E500CD1797 /* Products */ = {
			isa = PBXGroup;
			children = (
				EA61E1221A9EA8E500CD1797 /* ClassApp.app */,
				EA61E1371A9EA8E500CD1797 /* ClassAppTests.xctest */,
			);
			name = Products;
			sourceTree = "<group>";
		};
		EA61E1241A9EA8E500CD1797 /* ClassApp */ = {
			isa = PBXGroup;
			children = (
				EA61E1271A9EA8E500CD1797 /* AppDelegate.swift */,
				EA61E1291A9EA8E500CD1797 /* ViewController.swift */,
				EA61E1471A9EAE6F00CD1797 /* SecondTableViewController.swift */,
				EA61E12B1A9EA8E500CD1797 /* Main.storyboard */,
				EA61E1491A9EB97100CD1797 /* PhotoCell.xib */,
				EA61E14D1A9EBB4C00CD1797 /* PhotoCell.swift */,
				EA61E12E1A9EA8E500CD1797 /* Images.xcassets */,
				EA61E1301A9EA8E500CD1797 /* LaunchScreen.xib */,
				EA61E1251A9EA8E500CD1797 /* Supporting Files */,
			);
			path = ClassApp;
			sourceTree = "<group>";
		};
		EA61E1251A9EA8E500CD1797 /* Supporting Files */ = {
			isa = PBXGroup;
			children = (
				EA61E1261A9EA8E500CD1797 /* Info.plist */,
			);
			name = "Supporting Files";
			sourceTree = "<group>";
		};
		EA61E13A1A9EA8E500CD1797 /* ClassAppTests */ = {
			isa = PBXGroup;
			children = (
				EA61E13D1A9EA8E500CD1797 /* ClassAppTests.swift */,
				EA61E13B1A9EA8E500CD1797 /* Supporting Files */,
			);
			path = ClassAppTests;
			sourceTree = "<group>";
		};
		EA61E13B1A9EA8E500CD1797 /* Supporting Files */ = {
			isa = PBXGroup;
			children = (
				EA61E13C1A9EA8E500CD1797 /* Info.plist */,
			);
			name = "Supporting Files";
			sourceTree = "<group>";
		};
/* End PBXGroup section */

/* Begin PBXNativeTarget section */
		EA61E1211A9EA8E500CD1797 /* ClassApp */ = {
			isa = PBXNativeTarget;
			buildConfigurationList = EA61E1411A9EA8E500CD1797 /* Build configuration list for PBXNativeTarget "ClassApp" */;
			buildPhases = (
				EA61E11E1A9EA8E500CD1797 /* Sources */,
				EA61E11F1A9EA8E500CD1797 /* Frameworks */,
				EA61E1201A9EA8E500CD1797 /* Resources */,
			);
			buildRules = (
			);
			dependencies = (
			);
			name = ClassApp;
			productName = ClassApp;
			productReference = EA61E1221A9EA8E500CD1797 /* ClassApp.app */;
			productType = "com.apple.product-type.application";
		};
		EA61E1361A9EA8E500CD1797 /* ClassAppTests */ = {
			isa = PBXNativeTarget;
			buildConfigurationList = EA61E1441A9EA8E500CD1797 /* Build configuration list for PBXNativeTarget "ClassAppTests" */;
			buildPhases = (
				EA61E1331A9EA8E500CD1797 /* Sources */,
				EA61E1341A9EA8E500CD1797 /* Frameworks */,
				EA61E1351A9EA8E500CD1797 /* Resources */,
			);
			buildRules = (
			);
			dependencies = (
				EA61E1391A9EA8E500CD1797 /* PBXTargetDependency */,
			);
			name = ClassAppTests;
			productName = ClassAppTests;
			productReference = EA61E1371A9EA8E500CD1797 /* ClassAppTests.xctest */;
			productType = "com.apple.product-type.bundle.unit-test";
		};
/* End PBXNativeTarget section */

/* Begin PBXProject section */
		EA61E11A1A9EA8E500CD1797 /* Project object */ = {
			isa = PBXProject;
			attributes = {
				LastUpgradeCheck = 0610;
				ORGANIZATIONNAME = Centresource;
				TargetAttributes = {
					EA61E1211A9EA8E500CD1797 = {
						CreatedOnToolsVersion = 6.1.1;
					};
					EA61E1361A9EA8E500CD1797 = {
						CreatedOnToolsVersion = 6.1.1;
						TestTargetID = EA61E1211A9EA8E500CD1797;
					};
				};
			};
			buildConfigurationList = EA61E11D1A9EA8E500CD1797 /* Build configuration list for PBXProject "ClassApp" */;
			compatibilityVersion = "Xcode 3.2";
			developmentRegion = English;
			hasScannedForEncodings = 0;
			knownRegions = (
				en,
				Base,
			);
			mainGroup = EA61E1191A9EA8E500CD1797;
			productRefGroup = EA61E1231A9EA8E500CD1797 /* Products */;
			projectDirPath = "";
			projectRoot = "";
			targets = (
				EA61E1211A9EA8E500CD1797 /* ClassApp */,
				EA61E1361A9EA8E500CD1797 /* ClassAppTests */,
			);
		};
/* End PBXProject section */

/* Begin PBXResourcesBuildPhase section */
		EA61E1201A9EA8E500CD1797 /* Resources */ = {
			isa = PBXResourcesBuildPhase;
			buildActionMask = 2147483647;
			files = (
				EA61E14A1A9EB97100CD1797 /* PhotoCell.xib in Resources */,
				EA61E12D1A9EA8E500CD1797 /* Main.storyboard in Resources */,
				EA61E1321A9EA8E500CD1797 /* LaunchScreen.xib in Resources */,
				EA61E12F1A9EA8E500CD1797 /* Images.xcassets in Resources */,
			);
			runOnlyForDeploymentPostprocessing = 0;
		};
		EA61E1351A9EA8E500CD1797 /* Resources */ = {
			isa = PBXResourcesBuildPhase;
			buildActionMask = 2147483647;
			files = (
			);
			runOnlyForDeploymentPostprocessing = 0;
		};
/* End PBXResourcesBuildPhase section */

/* Begin PBXSourcesBuildPhase section */
		EA61E11E1A9EA8E500CD1797 /* Sources */ = {
			isa = PBXSourcesBuildPhase;
			buildActionMask = 2147483647;
			files = (
				EA61E14E1A9EBB4C00CD1797 /* PhotoCell.swift in Sources */,
				EA61E12A1A9EA8E500CD1797 /* ViewController.swift in Sources */,
				EA61E1481A9EAE6F00CD1797 /* SecondTableViewController.swift in Sources */,
				EA61E1281A9EA8E500CD1797 /* AppDelegate.swift in Sources */,
			);
			runOnlyForDeploymentPostprocessing = 0;
		};
		EA61E1331A9EA8E500CD1797 /* Sources */ = {
			isa = PBXSourcesBuildPhase;
			buildActionMask = 2147483647;
			files = (
				EA61E13E1A9EA8E500CD1797 /* ClassAppTests.swift in Sources */,
			);
			runOnlyForDeploymentPostprocessing = 0;
		};
/* End PBXSourcesBuildPhase section */

/* Begin PBXTargetDependency section */
		EA61E1391A9EA8E500CD1797 /* PBXTargetDependency */ = {
			isa = PBXTargetDependency;
			target = EA61E1211A9EA8E500CD1797 /* ClassApp */;
			targetProxy = EA61E1381A9EA8E500CD1797 /* PBXContainerItemProxy */;
		};
/* End PBXTargetDependency section */

/* Begin PBXVariantGroup section */
		EA61E12B1A9EA8E500CD1797 /* Main.storyboard */ = {
			isa = PBXVariantGroup;
			children = (
				EA61E12C1A9EA8E500CD1797 /* Base */,
			);
			name = Main.storyboard;
			sourceTree = "<group>";
		};
		EA61E1301A9EA8E500CD1797 /* LaunchScreen.xib */ = {
			isa = PBXVariantGroup;
			children = (
				EA61E1311A9EA8E500CD1797 /* Base */,
			);
			name = LaunchScreen.xib;
			sourceTree = "<group>";
		};
/* End PBXVariantGroup section */

/* Begin XCBuildConfiguration section */
		EA61E13F1A9EA8E500CD1797 /* Debug */ = {
			isa = XCBuildConfiguration;
			buildSettings = {
				ALWAYS_SEARCH_USER_PATHS = NO;
				CLANG_CXX_LANGUAGE_STANDARD = "gnu++0x";
				CLANG_CXX_LIBRARY = "libc++";
				CLANG_ENABLE_MODULES = YES;
				CLANG_ENABLE_OBJC_ARC = YES;
				CLANG_WARN_BOOL_CONVERSION = YES;
				CLANG_WARN_CONSTANT_CONVERSION = YES;
				CLANG_WARN_DIRECT_OBJC_ISA_USAGE = YES_ERROR;
				CLANG_WARN_EMPTY_BODY = YES;
				CLANG_WARN_ENUM_CONVERSION = YES;
				CLANG_WARN_INT_CONVERSION = YES;
				CLANG_WARN_OBJC_ROOT_CLASS = YES_ERROR;
				CLANG_WARN_UNREACHABLE_CODE = YES;
				CLANG_WARN__DUPLICATE_METHOD_MATCH = YES;
				"CODE_SIGN_IDENTITY[sdk=iphoneos*]" = "iPhone Developer";
				COPY_PHASE_STRIP = NO;
				ENABLE_STRICT_OBJC_MSGSEND = YES;
				GCC_C_LANGUAGE_STANDARD = gnu99;
				GCC_DYNAMIC_NO_PIC = NO;
				GCC_OPTIMIZATION_LEVEL = 0;
				GCC_PREPROCESSOR_DEFINITIONS = (
					"DEBUG=1",
					"$(inherited)",
				);
				GCC_SYMBOLS_PRIVATE_EXTERN = NO;
				GCC_WARN_64_TO_32_BIT_CONVERSION = YES;
				GCC_WARN_ABOUT_RETURN_TYPE = YES_ERROR;
				GCC_WARN_UNDECLARED_SELECTOR = YES;
				GCC_WARN_UNINITIALIZED_AUTOS = YES_AGGRESSIVE;
				GCC_WARN_UNUSED_FUNCTION = YES;
				GCC_WARN_UNUSED_VARIABLE = YES;
				IPHONEOS_DEPLOYMENT_TARGET = 8.1;
				MTL_ENABLE_DEBUG_INFO = YES;
				ONLY_ACTIVE_ARCH = YES;
				SDKROOT = iphoneos;
				SWIFT_OPTIMIZATION_LEVEL = "-Onone";
				TARGETED_DEVICE_FAMILY = "1,2";
			};
			name = Debug;
		};
		EA61E1401A9EA8E500CD1797 /* Release */ = {
			isa = XCBuildConfiguration;
			buildSettings = {
				ALWAYS_SEARCH_USER_PATHS = NO;
				CLANG_CXX_LANGUAGE_STANDARD = "gnu++0x";
				CLANG_CXX_LIBRARY = "libc++";
				CLANG_ENABLE_MODULES = YES;
				CLANG_ENABLE_OBJC_ARC = YES;
				CLANG_WARN_BOOL_CONVERSION = YES;
				CLANG_WARN_CONSTANT_CONVERSION = YES;
				CLANG_WARN_DIRECT_OBJC_ISA_USAGE = YES_ERROR;
				CLANG_WARN_EMPTY_BODY = YES;
				CLANG_WARN_ENUM_CONVERSION = YES;
				CLANG_WARN_INT_CONVERSION = YES;
				CLANG_WARN_OBJC_ROOT_CLASS = YES_ERROR;
				CLANG_WARN_UNREACHABLE_CODE = YES;
				CLANG_WARN__DUPLICATE_METHOD_MATCH = YES;
				"CODE_SIGN_IDENTITY[sdk=iphoneos*]" = "iPhone Developer";
				COPY_PHASE_STRIP = YES;
				ENABLE_NS_ASSERTIONS = NO;
				ENABLE_STRICT_OBJC_MSGSEND = YES;
				GCC_C_LANGUAGE_STANDARD = gnu99;
				GCC_WARN_64_TO_32_BIT_CONVERSION = YES;
				GCC_WARN_ABOUT_RETURN_TYPE = YES_ERROR;
				GCC_WARN_UNDECLARED_SELECTOR = YES;
				GCC_WARN_UNINITIALIZED_AUTOS = YES_AGGRESSIVE;
				GCC_WARN_UNUSED_FUNCTION = YES;
				GCC_WARN_UNUSED_VARIABLE = YES;
				IPHONEOS_DEPLOYMENT_TARGET = 8.1;
				MTL_ENABLE_DEBUG_INFO = NO;
				SDKROOT = iphoneos;
				TARGETED_DEVICE_FAMILY = "1,2";
				VALIDATE_PRODUCT = YES;
			};
			name = Release;
		};
		EA61E1421A9EA8E500CD1797 /* Debug */ = {
			isa = XCBuildConfiguration;
			buildSettings = {
				ASSETCATALOG_COMPILER_APPICON_NAME = AppIcon;
				INFOPLIST_FILE = ClassApp/Info.plist;
				LD_RUNPATH_SEARCH_PATHS = "$(inherited) @executable_path/Frameworks";
				PRODUCT_NAME = "$(TARGET_NAME)";
			};
			name = Debug;
		};
		EA61E1431A9EA8E500CD1797 /* Release */ = {
			isa = XCBuildConfiguration;
			buildSettings = {
				ASSETCATALOG_COMPILER_APPICON_NAME = AppIcon;
				INFOPLIST_FILE = ClassApp/Info.plist;
				LD_RUNPATH_SEARCH_PATHS = "$(inherited) @executable_path/Frameworks";
				PRODUCT_NAME = "$(TARGET_NAME)";
			};
			name = Release;
		};
		EA61E1451A9EA8E500CD1797 /* Debug */ = {
			isa = XCBuildConfiguration;
			buildSettings = {
				BUNDLE_LOADER = "$(TEST_HOST)";
				FRAMEWORK_SEARCH_PATHS = (
					"$(SDKROOT)/Developer/Library/Frameworks",
					"$(inherited)",
				);
				GCC_PREPROCESSOR_DEFINITIONS = (
					"DEBUG=1",
					"$(inherited)",
				);
				INFOPLIST_FILE = ClassAppTests/Info.plist;
				LD_RUNPATH_SEARCH_PATHS = "$(inherited) @executable_path/Frameworks @loader_path/Frameworks";
				PRODUCT_NAME = "$(TARGET_NAME)";
				TEST_HOST = "$(BUILT_PRODUCTS_DIR)/ClassApp.app/ClassApp";
			};
			name = Debug;
		};
		EA61E1461A9EA8E500CD1797 /* Release */ = {
			isa = XCBuildConfiguration;
			buildSettings = {
				BUNDLE_LOADER = "$(TEST_HOST)";
				FRAMEWORK_SEARCH_PATHS = (
					"$(SDKROOT)/Developer/Library/Frameworks",
					"$(inherited)",
				);
				INFOPLIST_FILE = ClassAppTests/Info.plist;
				LD_RUNPATH_SEARCH_PATHS = "$(inherited) @executable_path/Frameworks @loader_path/Frameworks";
				PRODUCT_NAME = "$(TARGET_NAME)";
				TEST_HOST = "$(BUILT_PRODUCTS_DIR)/ClassApp.app/ClassApp";
			};
			name = Release;
		};
/* End XCBuildConfiguration section */

/* Begin XCConfigurationList section */
		EA61E11D1A9EA8E500CD1797 /* Build configuration list for PBXProject "ClassApp" */ = {
			isa = XCConfigurationList;
			buildConfigurations = (
				EA61E13F1A9EA8E500CD1797 /* Debug */,
				EA61E1401A9EA8E500CD1797 /* Release */,
			);
			defaultConfigurationIsVisible = 0;
			defaultConfigurationName = Release;
		};
		EA61E1411A9EA8E500CD1797 /* Build configuration list for PBXNativeTarget "ClassApp" */ = {
			isa = XCConfigurationList;
			buildConfigurations = (
				EA61E1421A9EA8E500CD1797 /* Debug */,
				EA61E1431A9EA8E500CD1797 /* Release */,
			);
			defaultConfigurationIsVisible = 0;
		};
		EA61E1441A9EA8E500CD1797 /* Build configuration list for PBXNativeTarget "ClassAppTests" */ = {
			isa = XCConfigurationList;
			buildConfigurations = (
				EA61E1451A9EA8E500CD1797 /* Debug */,
				EA61E1461A9EA8E500CD1797 /* Release */,
			);
			defaultConfigurationIsVisible = 0;
		};
/* End XCConfigurationList section */
	};
	rootObject = EA61E11A1A9EA8E500CD1797 /* Project object */;
}
